
Microsoft Visual Studio Solution File, Format Version 12.00
Project("{FAE04EC0-301F-11D3-BF4B-00C04F79EFBC}") = "lara-blackjack", "lara-blackjack\lara-blackjack.csproj", "{BC18A3AD-A772-4288-84B9-71B49F88B885}"
EndProject
Project("{FAE04EC0-301F-11D3-BF4B-00C04F79EFBC}") = "lara-blackjack-tests", "lara-blackjack-tests\lara-blackjack-tests.csproj", "{FA37ABB4-B10F-45A1-9670-C56B7C267E1E}"
EndProject
Global
	GlobalSection(SolutionConfigurationPlatforms) = preSolution
		Debug|Any CPU = Debug|Any CPU
		Release|Any CPU = Release|Any CPU
	EndGlobalSection
	GlobalSection(ProjectConfigurationPlatforms) = postSolution
		{BC18A3AD-A772-4288-84B9-71B49F88B885}.Debug|Any CPU.ActiveCfg = Debug|Any CPU
		{BC18A3AD-A772-4288-84B9-71B49F88B885}.Debug|Any CPU.Build.0 = Debug|Any CPU
		{BC18A3AD-A772-4288-84B9-71B49F88B885}.Release|Any CPU.ActiveCfg = Release|Any CPU
		{BC18A3AD-A772-4288-84B9-71B49F88B885}.Release|Any CPU.Build.0 = Release|Any CPU
		{FA37ABB4-B10F-45A1-9670-C56B7C267E1E}.Debug|Any CPU.ActiveCfg = Debug|Any CPU
		{FA37ABB4-B10F-45A1-9670-C56B7C267E1E}.Debug|Any CPU.Build.0 = Debug|Any CPU
		{FA37ABB4-B10F-45A1-9670-C56B7C267E1E}.Release|Any CPU.ActiveCfg = Release|Any CPU
		{FA37ABB4-B10F-45A1-9670-C56B7C267E1E}.Release|Any CPU.Build.0 = Release|Any CPU
	EndGlobalSection
EndGlobal
